# This file is autogenerated, do not edit; changes may be undone by the next 'dep ensure'.


[[projects]]
  name = "github.com/drone/envsubst"
  packages = [
    ".",
    "parse",
    "path"
  ]
  revision = "611f114088d5d6c3c569e403c003584e2169ccb5"
  version = "v1.0.1"

[solve-meta]
  analyzer-name = "dep"
  analyzer-version = 1
  inputs-digest = "0de343c6495d9a84b6baf53f7ccdac08bc9f97e454b11cd8186e4a1e05052b3b"
  solver-name = "gps-cdcl"
  solver-version = 1
